// !$*UTF8*$!
{
	archiveVersion = 1;
	classes = {
	};
	objectVersion = 46;
	objects = {

/* Begin PBXBuildFile section */
		005BE27826B7460B00ECC849 /* Media.xcassets in Resources */ = {isa = PBXBuildFile; fileRef = 005BE26626B7460B00ECC849 /* Media.xcassets */; };
		005BE27926B7460B00ECC849 /* ExtraView.swift in Sources */ = {isa = PBXBuildFile; fileRef = 005BE26726B7460B00ECC849 /* ExtraView.swift */; };
		005BE27A26B7460B00ECC849 /* KeyboardKey.swift in Sources */ = {isa = PBXBuildFile; fileRef = 005BE26826B7460B00ECC849 /* KeyboardKey.swift */; };
		005BE27C26B7460B00ECC849 /* KeyboardInputTraits.swift in Sources */ = {isa = PBXBuildFile; fileRef = 005BE26A26B7460B00ECC849 /* KeyboardInputTraits.swift */; };
		005BE27D26B7460B00ECC849 /* Direction.swift in Sources */ = {isa = PBXBuildFile; fileRef = 005BE26B26B7460B00ECC849 /* Direction.swift */; };
		005BE27E26B7460B00ECC849 /* ErsatzKeyboardViewController.swift in Sources */ = {isa = PBXBuildFile; fileRef = 005BE26C26B7460B00ECC849 /* ErsatzKeyboardViewController.swift */; };
		005BE27F26B7460B00ECC849 /* DefaultSettings.xib in Resources */ = {isa = PBXBuildFile; fileRef = 005BE26D26B7460B00ECC849 /* DefaultSettings.xib */; };
		005BE28026B7460B00ECC849 /* KeyboardConnector.swift in Sources */ = {isa = PBXBuildFile; fileRef = 005BE26E26B7460B00ECC849 /* KeyboardConnector.swift */; };
		005BE28126B7460B00ECC849 /* ImageKey.swift in Sources */ = {isa = PBXBuildFile; fileRef = 005BE26F26B7460B00ECC849 /* ImageKey.swift */; };
		005BE28226B7460B00ECC849 /* ForwardingView.swift in Sources */ = {isa = PBXBuildFile; fileRef = 005BE27026B7460B00ECC849 /* ForwardingView.swift */; };
		005BE28326B7460B00ECC849 /* KeyboardKeyBackground.swift in Sources */ = {isa = PBXBuildFile; fileRef = 005BE27126B7460B00ECC849 /* KeyboardKeyBackground.swift */; };
		005BE28426B7460B00ECC849 /* DefaultSettings.swift in Sources */ = {isa = PBXBuildFile; fileRef = 005BE27226B7460B00ECC849 /* DefaultSettings.swift */; };
		005BE28626B7460B00ECC849 /* Shapes.swift in Sources */ = {isa = PBXBuildFile; fileRef = 005BE27426B7460B00ECC849 /* Shapes.swift */; };
		005BE28726B7460B00ECC849 /* KeyboardModel.swift in Sources */ = {isa = PBXBuildFile; fileRef = 005BE27526B7460B00ECC849 /* KeyboardModel.swift */; };
		005BE28926B7460B00ECC849 /* KeyboardLayout.swift in Sources */ = {isa = PBXBuildFile; fileRef = 005BE27726B7460B00ECC849 /* KeyboardLayout.swift */; };
		00663D9D27E02650002C82BD /* AppDelegate.swift in Sources */ = {isa = PBXBuildFile; fileRef = 00663D9C27E02650002C82BD /* AppDelegate.swift */; };
		00663DA127E02650002C82BD /* ViewController.swift in Sources */ = {isa = PBXBuildFile; fileRef = 00663DA027E02650002C82BD /* ViewController.swift */; };
		00663DA427E02650002C82BD /* Main.storyboard in Resources */ = {isa = PBXBuildFile; fileRef = 00663DA227E02650002C82BD /* Main.storyboard */; };
		00663DA627E02650002C82BD /* Assets.xcassets in Resources */ = {isa = PBXBuildFile; fileRef = 00663DA527E02650002C82BD /* Assets.xcassets */; };
		00663DA927E02650002C82BD /* LaunchScreen.storyboard in Resources */ = {isa = PBXBuildFile; fileRef = 00663DA727E02650002C82BD /* LaunchScreen.storyboard */; };
		00663DB527E0266B002C82BD /* EnglishKeyboardViewController.swift in Sources */ = {isa = PBXBuildFile; fileRef = 00663DB427E0266B002C82BD /* EnglishKeyboardViewController.swift */; };
		00663DB927E0266B002C82BD /* English Keyboard.appex in Embed App Extensions */ = {isa = PBXBuildFile; fileRef = 00663DB227E0266B002C82BD /* English Keyboard.appex */; settings = {ATTRIBUTES = (RemoveHeadersOnCopy, ); }; };
		0066BB4027E692CB008B2BF0 /* EnglishKeyboard.swift in Sources */ = {isa = PBXBuildFile; fileRef = 005BE27326B7460B00ECC849 /* EnglishKeyboard.swift */; };
		00AE807F27E7DA0100B8F899 /* ErsatzKeyboardTests.swift in Sources */ = {isa = PBXBuildFile; fileRef = 00AE807E27E7DA0100B8F899 /* ErsatzKeyboardTests.swift */; };
		00AE808127E7DA0100B8F899 /* ErsatzKeyboard.framework in Frameworks */ = {isa = PBXBuildFile; fileRef = 00596DFB2699FC240069BD79 /* ErsatzKeyboard.framework */; };
		00AE808827E7DEA600B8F899 /* EnglishKeyboard.swift in Sources */ = {isa = PBXBuildFile; fileRef = 00AE808727E7DEA600B8F899 /* EnglishKeyboard.swift */; };
		00AE808C27E7E2D800B8F899 /* TestDevice.swift in Sources */ = {isa = PBXBuildFile; fileRef = 00AE808B27E7E2D800B8F899 /* TestDevice.swift */; };
		00AE808E27E7E6FB00B8F899 /* TestView.swift in Sources */ = {isa = PBXBuildFile; fileRef = 00AE808D27E7E6FB00B8F899 /* TestView.swift */; };
		00CBE4BA2841B632006AF6FE /* BackspaceShape.swift in Sources */ = {isa = PBXBuildFile; fileRef = 00CBE4B92841B632006AF6FE /* BackspaceShape.swift */; };
		00CBE4BC2841C277006AF6FE /* ShiftShape.swift in Sources */ = {isa = PBXBuildFile; fileRef = 00CBE4BB2841C277006AF6FE /* ShiftShape.swift */; };
		00CBE4BE2841C55F006AF6FE /* GlobeShape.swift in Sources */ = {isa = PBXBuildFile; fileRef = 00CBE4BD2841C55F006AF6FE /* GlobeShape.swift */; };
		108FEE8858872100BA138087 /* libPods-ErsatzKeyboardTests.a in Frameworks */ = {isa = PBXBuildFile; fileRef = 81478575226F0846740E02B3 /* libPods-ErsatzKeyboardTests.a */; };
/* End PBXBuildFile section */

/* Begin PBXContainerItemProxy section */
		00663DB727E0266B002C82BD /* PBXContainerItemProxy */ = {
			isa = PBXContainerItemProxy;
			containerPortal = 4E807D8B19461D9000D875D1 /* Project object */;
			proxyType = 1;
			remoteGlobalIDString = 00663DB127E0266B002C82BD;
			remoteInfo = DemoKeyboard;
		};
		00AE808227E7DA0100B8F899 /* PBXContainerItemProxy */ = {
			isa = PBXContainerItemProxy;
			containerPortal = 4E807D8B19461D9000D875D1 /* Project object */;
			proxyType = 1;
			remoteGlobalIDString = 00596DFA2699FC240069BD79;
			remoteInfo = ErsatzKeyboard;
		};
/* End PBXContainerItemProxy section */

/* Begin PBXCopyFilesBuildPhase section */
		00663DBD27E0266B002C82BD /* Embed App Extensions */ = {
			isa = PBXCopyFilesBuildPhase;
			buildActionMask = 2147483647;
			dstPath = "";
			dstSubfolderSpec = 13;
			files = (
				00663DB927E0266B002C82BD /* English Keyboard.appex in Embed App Extensions */,
			);
			name = "Embed App Extensions";
			runOnlyForDeploymentPostprocessing = 0;
		};
/* End PBXCopyFilesBuildPhase section */

/* Begin PBXFileReference section */
		00596DFB2699FC240069BD79 /* ErsatzKeyboard.framework */ = {isa = PBXFileReference; explicitFileType = wrapper.framework; includeInIndex = 0; path = ErsatzKeyboard.framework; sourceTree = BUILT_PRODUCTS_DIR; };
		005BE26626B7460B00ECC849 /* Media.xcassets */ = {isa = PBXFileReference; lastKnownFileType = folder.assetcatalog; path = Media.xcassets; sourceTree = "<group>"; };
		005BE26726B7460B00ECC849 /* ExtraView.swift */ = {isa = PBXFileReference; fileEncoding = 4; lastKnownFileType = sourcecode.swift; path = ExtraView.swift; sourceTree = "<group>"; };
		005BE26826B7460B00ECC849 /* KeyboardKey.swift */ = {isa = PBXFileReference; fileEncoding = 4; lastKnownFileType = sourcecode.swift; path = KeyboardKey.swift; sourceTree = "<group>"; };
		005BE26A26B7460B00ECC849 /* KeyboardInputTraits.swift */ = {isa = PBXFileReference; fileEncoding = 4; lastKnownFileType = sourcecode.swift; path = KeyboardInputTraits.swift; sourceTree = "<group>"; };
		005BE26B26B7460B00ECC849 /* Direction.swift */ = {isa = PBXFileReference; fileEncoding = 4; lastKnownFileType = sourcecode.swift; path = Direction.swift; sourceTree = "<group>"; };
		005BE26C26B7460B00ECC849 /* ErsatzKeyboardViewController.swift */ = {isa = PBXFileReference; fileEncoding = 4; lastKnownFileType = sourcecode.swift; path = ErsatzKeyboardViewController.swift; sourceTree = "<group>"; };
		005BE26D26B7460B00ECC849 /* DefaultSettings.xib */ = {isa = PBXFileReference; fileEncoding = 4; lastKnownFileType = file.xib; path = DefaultSettings.xib; sourceTree = "<group>"; };
		005BE26E26B7460B00ECC849 /* KeyboardConnector.swift */ = {isa = PBXFileReference; fileEncoding = 4; lastKnownFileType = sourcecode.swift; path = KeyboardConnector.swift; sourceTree = "<group>"; };
		005BE26F26B7460B00ECC849 /* ImageKey.swift */ = {isa = PBXFileReference; fileEncoding = 4; lastKnownFileType = sourcecode.swift; path = ImageKey.swift; sourceTree = "<group>"; };
		005BE27026B7460B00ECC849 /* ForwardingView.swift */ = {isa = PBXFileReference; fileEncoding = 4; lastKnownFileType = sourcecode.swift; path = ForwardingView.swift; sourceTree = "<group>"; };
		005BE27126B7460B00ECC849 /* KeyboardKeyBackground.swift */ = {isa = PBXFileReference; fileEncoding = 4; lastKnownFileType = sourcecode.swift; path = KeyboardKeyBackground.swift; sourceTree = "<group>"; };
		005BE27226B7460B00ECC849 /* DefaultSettings.swift */ = {isa = PBXFileReference; fileEncoding = 4; lastKnownFileType = sourcecode.swift; path = DefaultSettings.swift; sourceTree = "<group>"; };
		005BE27326B7460B00ECC849 /* EnglishKeyboard.swift */ = {isa = PBXFileReference; fileEncoding = 4; lastKnownFileType = sourcecode.swift; path = EnglishKeyboard.swift; sourceTree = "<group>"; };
		005BE27426B7460B00ECC849 /* Shapes.swift */ = {isa = PBXFileReference; fileEncoding = 4; lastKnownFileType = sourcecode.swift; path = Shapes.swift; sourceTree = "<group>"; };
		005BE27526B7460B00ECC849 /* KeyboardModel.swift */ = {isa = PBXFileReference; fileEncoding = 4; lastKnownFileType = sourcecode.swift; path = KeyboardModel.swift; sourceTree = "<group>"; };
		005BE27726B7460B00ECC849 /* KeyboardLayout.swift */ = {isa = PBXFileReference; fileEncoding = 4; lastKnownFileType = sourcecode.swift; path = KeyboardLayout.swift; sourceTree = "<group>"; };
		005BE28A26B7469600ECC849 /* Info.plist */ = {isa = PBXFileReference; lastKnownFileType = text.plist.xml; path = Info.plist; sourceTree = "<group>"; };
		00663D9A27E02650002C82BD /* ErsatzDemo.app */ = {isa = PBXFileReference; explicitFileType = wrapper.application; includeInIndex = 0; path = ErsatzDemo.app; sourceTree = BUILT_PRODUCTS_DIR; };
		00663D9C27E02650002C82BD /* AppDelegate.swift */ = {isa = PBXFileReference; lastKnownFileType = sourcecode.swift; path = AppDelegate.swift; sourceTree = "<group>"; };
		00663DA027E02650002C82BD /* ViewController.swift */ = {isa = PBXFileReference; lastKnownFileType = sourcecode.swift; path = ViewController.swift; sourceTree = "<group>"; };
		00663DA327E02650002C82BD /* Base */ = {isa = PBXFileReference; lastKnownFileType = file.storyboard; name = Base; path = Base.lproj/Main.storyboard; sourceTree = "<group>"; };
		00663DA527E02650002C82BD /* Assets.xcassets */ = {isa = PBXFileReference; lastKnownFileType = folder.assetcatalog; path = Assets.xcassets; sourceTree = "<group>"; };
		00663DA827E02650002C82BD /* Base */ = {isa = PBXFileReference; lastKnownFileType = file.storyboard; name = Base; path = Base.lproj/LaunchScreen.storyboard; sourceTree = "<group>"; };
		00663DAA27E02650002C82BD /* Info.plist */ = {isa = PBXFileReference; lastKnownFileType = text.plist.xml; path = Info.plist; sourceTree = "<group>"; };
		00663DB227E0266B002C82BD /* English Keyboard.appex */ = {isa = PBXFileReference; explicitFileType = "wrapper.app-extension"; includeInIndex = 0; path = "English Keyboard.appex"; sourceTree = BUILT_PRODUCTS_DIR; };
		00663DB427E0266B002C82BD /* EnglishKeyboardViewController.swift */ = {isa = PBXFileReference; lastKnownFileType = sourcecode.swift; path = EnglishKeyboardViewController.swift; sourceTree = "<group>"; };
		00663DB627E0266B002C82BD /* Info.plist */ = {isa = PBXFileReference; lastKnownFileType = text.plist.xml; path = Info.plist; sourceTree = "<group>"; };
		00AE807627E7D54600B8F899 /* English Keyboard.entitlements */ = {isa = PBXFileReference; lastKnownFileType = text.plist.entitlements; path = "English Keyboard.entitlements"; sourceTree = "<group>"; };
		00AE807727E7D97A00B8F899 /* ErsatzDemo.entitlements */ = {isa = PBXFileReference; fileEncoding = 4; lastKnownFileType = text.plist.entitlements; path = ErsatzDemo.entitlements; sourceTree = "<group>"; };
		00AE807C27E7DA0100B8F899 /* ErsatzKeyboardTests.xctest */ = {isa = PBXFileReference; explicitFileType = wrapper.cfbundle; includeInIndex = 0; path = ErsatzKeyboardTests.xctest; sourceTree = BUILT_PRODUCTS_DIR; };
		00AE807E27E7DA0100B8F899 /* ErsatzKeyboardTests.swift */ = {isa = PBXFileReference; lastKnownFileType = sourcecode.swift; path = ErsatzKeyboardTests.swift; sourceTree = "<group>"; };
		00AE808027E7DA0100B8F899 /* Info.plist */ = {isa = PBXFileReference; lastKnownFileType = text.plist.xml; path = Info.plist; sourceTree = "<group>"; };
		00AE808727E7DEA600B8F899 /* EnglishKeyboard.swift */ = {isa = PBXFileReference; lastKnownFileType = sourcecode.swift; path = EnglishKeyboard.swift; sourceTree = "<group>"; };
		00AE808B27E7E2D800B8F899 /* TestDevice.swift */ = {isa = PBXFileReference; lastKnownFileType = sourcecode.swift; path = TestDevice.swift; sourceTree = "<group>"; };
		00AE808D27E7E6FB00B8F899 /* TestView.swift */ = {isa = PBXFileReference; lastKnownFileType = sourcecode.swift; path = TestView.swift; sourceTree = "<group>"; };
		00CBE4B92841B632006AF6FE /* BackspaceShape.swift */ = {isa = PBXFileReference; lastKnownFileType = sourcecode.swift; path = BackspaceShape.swift; sourceTree = "<group>"; };
		00CBE4BB2841C277006AF6FE /* ShiftShape.swift */ = {isa = PBXFileReference; lastKnownFileType = sourcecode.swift; path = ShiftShape.swift; sourceTree = "<group>"; };
		00CBE4BD2841C55F006AF6FE /* GlobeShape.swift */ = {isa = PBXFileReference; lastKnownFileType = sourcecode.swift; path = GlobeShape.swift; sourceTree = "<group>"; };
		77AF7A108989A2698D29BD43 /* Pods-ErsatzKeyboardTests.debug.xcconfig */ = {isa = PBXFileReference; includeInIndex = 1; lastKnownFileType = text.xcconfig; name = "Pods-ErsatzKeyboardTests.debug.xcconfig"; path = "Target Support Files/Pods-ErsatzKeyboardTests/Pods-ErsatzKeyboardTests.debug.xcconfig"; sourceTree = "<group>"; };
		81478575226F0846740E02B3 /* libPods-ErsatzKeyboardTests.a */ = {isa = PBXFileReference; explicitFileType = archive.ar; includeInIndex = 0; path = "libPods-ErsatzKeyboardTests.a"; sourceTree = BUILT_PRODUCTS_DIR; };
		C5B33B160D021391BF91E175 /* Pods-ErsatzKeyboardTests.release.xcconfig */ = {isa = PBXFileReference; includeInIndex = 1; lastKnownFileType = text.xcconfig; name = "Pods-ErsatzKeyboardTests.release.xcconfig"; path = "Target Support Files/Pods-ErsatzKeyboardTests/Pods-ErsatzKeyboardTests.release.xcconfig"; sourceTree = "<group>"; };
/* End PBXFileReference section */

/* Begin PBXFrameworksBuildPhase section */
		00596DF82699FC240069BD79 /* Frameworks */ = {
			isa = PBXFrameworksBuildPhase;
			buildActionMask = 2147483647;
			files = (
			);
			runOnlyForDeploymentPostprocessing = 0;
		};
		00663D9727E02650002C82BD /* Frameworks */ = {
			isa = PBXFrameworksBuildPhase;
			buildActionMask = 2147483647;
			files = (
			);
			runOnlyForDeploymentPostprocessing = 0;
		};
		00663DAF27E0266B002C82BD /* Frameworks */ = {
			isa = PBXFrameworksBuildPhase;
			buildActionMask = 2147483647;
			files = (
			);
			runOnlyForDeploymentPostprocessing = 0;
		};
		00AE807927E7DA0100B8F899 /* Frameworks */ = {
			isa = PBXFrameworksBuildPhase;
			buildActionMask = 2147483647;
			files = (
				00AE808127E7DA0100B8F899 /* ErsatzKeyboard.framework in Frameworks */,
				108FEE8858872100BA138087 /* libPods-ErsatzKeyboardTests.a in Frameworks */,
			);
			runOnlyForDeploymentPostprocessing = 0;
		};
/* End PBXFrameworksBuildPhase section */

/* Begin PBXGroup section */
		005BE26526B7460B00ECC849 /* ErsatzKeyboard */ = {
			isa = PBXGroup;
			children = (
				00CBE4AC2841AEB9006AF6FE /* Assets */,
				00CBE4AD2841AED1006AF6FE /* Source */,
			);
			path = ErsatzKeyboard;
			sourceTree = "<group>";
		};
		00663D9B27E02650002C82BD /* ErsatzDemo */ = {
			isa = PBXGroup;
			children = (
				00CBE4AE2841AF08006AF6FE /* Assets */,
				00CBE4AF2841AF41006AF6FE /* Source */,
				00CBE4B02841AF92006AF6FE /* Storyboards */,
			);
			path = ErsatzDemo;
			sourceTree = "<group>";
		};
		00663DB327E0266B002C82BD /* English Keyboard */ = {
			isa = PBXGroup;
			children = (
				00CBE4B12841AFA7006AF6FE /* Assets */,
				00CBE4B22841AFB9006AF6FE /* Source */,
			);
			path = "English Keyboard";
			sourceTree = "<group>";
		};
		00AE807D27E7DA0100B8F899 /* ErsatzKeyboardTests */ = {
			isa = PBXGroup;
			children = (
				00CBE4B32841AFDE006AF6FE /* Assets */,
				00CBE4B42841AFE9006AF6FE /* Source */,
			);
			path = ErsatzKeyboardTests;
			sourceTree = "<group>";
		};
		00CBE4AC2841AEB9006AF6FE /* Assets */ = {
			isa = PBXGroup;
			children = (
				005BE28A26B7469600ECC849 /* Info.plist */,
				005BE26626B7460B00ECC849 /* Media.xcassets */,
			);
			path = Assets;
			sourceTree = "<group>";
		};
		00CBE4AD2841AED1006AF6FE /* Source */ = {
			isa = PBXGroup;
			children = (
				00CBE4B72841B5A2006AF6FE /* Utilities */,
				00CBE4B82841B61B006AF6FE /* Shapes */,
				005BE26826B7460B00ECC849 /* KeyboardKey.swift */,
				005BE26A26B7460B00ECC849 /* KeyboardInputTraits.swift */,
				005BE26C26B7460B00ECC849 /* ErsatzKeyboardViewController.swift */,
				005BE26D26B7460B00ECC849 /* DefaultSettings.xib */,
				005BE26E26B7460B00ECC849 /* KeyboardConnector.swift */,
				005BE26F26B7460B00ECC849 /* ImageKey.swift */,
				005BE27026B7460B00ECC849 /* ForwardingView.swift */,
				005BE27126B7460B00ECC849 /* KeyboardKeyBackground.swift */,
				005BE27226B7460B00ECC849 /* DefaultSettings.swift */,
				005BE27526B7460B00ECC849 /* KeyboardModel.swift */,
				005BE27726B7460B00ECC849 /* KeyboardLayout.swift */,
				005BE26726B7460B00ECC849 /* ExtraView.swift */,
			);
			path = Source;
			sourceTree = "<group>";
		};
		00CBE4AE2841AF08006AF6FE /* Assets */ = {
			isa = PBXGroup;
			children = (
				00663DAA27E02650002C82BD /* Info.plist */,
				00663DA527E02650002C82BD /* Assets.xcassets */,
				00AE807727E7D97A00B8F899 /* ErsatzDemo.entitlements */,
			);
			path = Assets;
			sourceTree = "<group>";
		};
		00CBE4AF2841AF41006AF6FE /* Source */ = {
			isa = PBXGroup;
			children = (
				00663D9C27E02650002C82BD /* AppDelegate.swift */,
				00663DA027E02650002C82BD /* ViewController.swift */,
			);
			path = Source;
			sourceTree = "<group>";
		};
		00CBE4B02841AF92006AF6FE /* Storyboards */ = {
			isa = PBXGroup;
			children = (
				00663DA227E02650002C82BD /* Main.storyboard */,
				00663DA727E02650002C82BD /* LaunchScreen.storyboard */,
			);
			path = Storyboards;
			sourceTree = "<group>";
		};
		00CBE4B12841AFA7006AF6FE /* Assets */ = {
			isa = PBXGroup;
			children = (
				00663DB627E0266B002C82BD /* Info.plist */,
				00AE807627E7D54600B8F899 /* English Keyboard.entitlements */,
			);
			path = Assets;
			sourceTree = "<group>";
		};
		00CBE4B22841AFB9006AF6FE /* Source */ = {
			isa = PBXGroup;
			children = (
				005BE27326B7460B00ECC849 /* EnglishKeyboard.swift */,
				00663DB427E0266B002C82BD /* EnglishKeyboardViewController.swift */,
			);
			path = Source;
			sourceTree = "<group>";
		};
		00CBE4B32841AFDE006AF6FE /* Assets */ = {
			isa = PBXGroup;
			children = (
				00AE808027E7DA0100B8F899 /* Info.plist */,
			);
			path = Assets;
			sourceTree = "<group>";
		};
		00CBE4B42841AFE9006AF6FE /* Source */ = {
			isa = PBXGroup;
			children = (
				00CBE4B52841AFEF006AF6FE /* Models */,
				00CBE4B62841B005006AF6FE /* Helpers */,
				00AE807E27E7DA0100B8F899 /* ErsatzKeyboardTests.swift */,
			);
			path = Source;
			sourceTree = "<group>";
		};
		00CBE4B52841AFEF006AF6FE /* Models */ = {
			isa = PBXGroup;
			children = (
				00AE808B27E7E2D800B8F899 /* TestDevice.swift */,
			);
			path = Models;
			sourceTree = "<group>";
		};
		00CBE4B62841B005006AF6FE /* Helpers */ = {
			isa = PBXGroup;
			children = (
				00AE808727E7DEA600B8F899 /* EnglishKeyboard.swift */,
				00AE808D27E7E6FB00B8F899 /* TestView.swift */,
			);
			path = Helpers;
			sourceTree = "<group>";
		};
		00CBE4B72841B5A2006AF6FE /* Utilities */ = {
			isa = PBXGroup;
			children = (
				005BE26B26B7460B00ECC849 /* Direction.swift */,
			);
			path = Utilities;
			sourceTree = "<group>";
		};
		00CBE4B82841B61B006AF6FE /* Shapes */ = {
			isa = PBXGroup;
			children = (
				005BE27426B7460B00ECC849 /* Shapes.swift */,
				00CBE4B92841B632006AF6FE /* BackspaceShape.swift */,
				00CBE4BD2841C55F006AF6FE /* GlobeShape.swift */,
				00CBE4BB2841C277006AF6FE /* ShiftShape.swift */,
			);
			path = Shapes;
			sourceTree = "<group>";
		};
		4DB7973F8D5DD45AAEB6334C /* Frameworks */ = {
			isa = PBXGroup;
			children = (
				81478575226F0846740E02B3 /* libPods-ErsatzKeyboardTests.a */,
			);
			name = Frameworks;
			sourceTree = "<group>";
		};
		4E807D8A19461D9000D875D1 = {
			isa = PBXGroup;
			children = (
				005BE26526B7460B00ECC849 /* ErsatzKeyboard */,
				00663D9B27E02650002C82BD /* ErsatzDemo */,
				00663DB327E0266B002C82BD /* English Keyboard */,
				00AE807D27E7DA0100B8F899 /* ErsatzKeyboardTests */,
				4E807D9419461D9000D875D1 /* Products */,
				4DB7973F8D5DD45AAEB6334C /* Frameworks */,
				FF5A75B57A8267FF033FB6D4 /* Pods */,
			);
			sourceTree = "<group>";
		};
		4E807D9419461D9000D875D1 /* Products */ = {
			isa = PBXGroup;
			children = (
				00596DFB2699FC240069BD79 /* ErsatzKeyboard.framework */,
				00663D9A27E02650002C82BD /* ErsatzDemo.app */,
				00663DB227E0266B002C82BD /* English Keyboard.appex */,
				00AE807C27E7DA0100B8F899 /* ErsatzKeyboardTests.xctest */,
			);
			name = Products;
			sourceTree = "<group>";
		};
		FF5A75B57A8267FF033FB6D4 /* Pods */ = {
			isa = PBXGroup;
			children = (
				77AF7A108989A2698D29BD43 /* Pods-ErsatzKeyboardTests.debug.xcconfig */,
				C5B33B160D021391BF91E175 /* Pods-ErsatzKeyboardTests.release.xcconfig */,
			);
			path = Pods;
			sourceTree = "<group>";
		};
/* End PBXGroup section */

/* Begin PBXHeadersBuildPhase section */
		00596DF62699FC240069BD79 /* Headers */ = {
			isa = PBXHeadersBuildPhase;
			buildActionMask = 2147483647;
			files = (
			);
			runOnlyForDeploymentPostprocessing = 0;
		};
/* End PBXHeadersBuildPhase section */

/* Begin PBXNativeTarget section */
		00596DFA2699FC240069BD79 /* ErsatzKeyboard */ = {
			isa = PBXNativeTarget;
			buildConfigurationList = 00596E022699FC240069BD79 /* Build configuration list for PBXNativeTarget "ErsatzKeyboard" */;
			buildPhases = (
				00596DF62699FC240069BD79 /* Headers */,
				00596DF72699FC240069BD79 /* Sources */,
				00596DF82699FC240069BD79 /* Frameworks */,
				00596DF92699FC240069BD79 /* Resources */,
			);
			buildRules = (
			);
			dependencies = (
			);
			name = ErsatzKeyboard;
			productName = KeyboardFramework;
			productReference = 00596DFB2699FC240069BD79 /* ErsatzKeyboard.framework */;
			productType = "com.apple.product-type.framework";
		};
		00663D9927E02650002C82BD /* ErsatzDemo */ = {
			isa = PBXNativeTarget;
			buildConfigurationList = 00663DAD27E02650002C82BD /* Build configuration list for PBXNativeTarget "ErsatzDemo" */;
			buildPhases = (
				00663D9627E02650002C82BD /* Sources */,
				00663D9727E02650002C82BD /* Frameworks */,
				00663D9827E02650002C82BD /* Resources */,
				00663DBD27E0266B002C82BD /* Embed App Extensions */,
			);
			buildRules = (
			);
			dependencies = (
				00663DB827E0266B002C82BD /* PBXTargetDependency */,
			);
			name = ErsatzDemo;
			productName = DemoApp;
			productReference = 00663D9A27E02650002C82BD /* ErsatzDemo.app */;
			productType = "com.apple.product-type.application";
		};
		00663DB127E0266B002C82BD /* English Keyboard */ = {
			isa = PBXNativeTarget;
			buildConfigurationList = 00663DBA27E0266B002C82BD /* Build configuration list for PBXNativeTarget "English Keyboard" */;
			buildPhases = (
				00663DAE27E0266B002C82BD /* Sources */,
				00663DAF27E0266B002C82BD /* Frameworks */,
				00663DB027E0266B002C82BD /* Resources */,
			);
			buildRules = (
			);
			dependencies = (
			);
			name = "English Keyboard";
			productName = DemoKeyboard;
			productReference = 00663DB227E0266B002C82BD /* English Keyboard.appex */;
			productType = "com.apple.product-type.app-extension";
		};
		00AE807B27E7DA0100B8F899 /* ErsatzKeyboardTests */ = {
			isa = PBXNativeTarget;
			buildConfigurationList = 00AE808427E7DA0100B8F899 /* Build configuration list for PBXNativeTarget "ErsatzKeyboardTests" */;
			buildPhases = (
				6047C02DA9706B9DB2C6B089 /* [CP] Check Pods Manifest.lock */,
				00AE807827E7DA0100B8F899 /* Sources */,
				00AE807927E7DA0100B8F899 /* Frameworks */,
				00AE807A27E7DA0100B8F899 /* Resources */,
			);
			buildRules = (
			);
			dependencies = (
				00AE808327E7DA0100B8F899 /* PBXTargetDependency */,
			);
			name = ErsatzKeyboardTests;
			productName = ErsatzKeyboardTests;
			productReference = 00AE807C27E7DA0100B8F899 /* ErsatzKeyboardTests.xctest */;
			productType = "com.apple.product-type.bundle.unit-test";
		};
/* End PBXNativeTarget section */

/* Begin PBXProject section */
		4E807D8B19461D9000D875D1 /* Project object */ = {
			isa = PBXProject;
			attributes = {
				LastSwiftMigration = 0710;
				LastSwiftUpdateCheck = 1250;
				LastUpgradeCheck = 1030;
				ORGANIZATIONNAME = Apple;
				TargetAttributes = {
					00596DFA2699FC240069BD79 = {
						CreatedOnToolsVersion = 12.5.1;
						DevelopmentTeam = WYZ8GHNKW7;
						ProvisioningStyle = Automatic;
					};
					00663D9927E02650002C82BD = {
						CreatedOnToolsVersion = 12.5.1;
						DevelopmentTeam = JZ3WYZWA8F;
						ProvisioningStyle = Automatic;
					};
					00663DB127E0266B002C82BD = {
						CreatedOnToolsVersion = 12.5.1;
						DevelopmentTeam = JZ3WYZWA8F;
						ProvisioningStyle = Automatic;
					};
					00AE807B27E7DA0100B8F899 = {
						CreatedOnToolsVersion = 12.5.1;
						DevelopmentTeam = JZ3WYZWA8F;
						ProvisioningStyle = Automatic;
					};
				};
			};
			buildConfigurationList = 4E807D8E19461D9000D875D1 /* Build configuration list for PBXProject "ErsatzKeyboard" */;
			compatibilityVersion = "Xcode 3.2";
			developmentRegion = en;
			hasScannedForEncodings = 0;
			knownRegions = (
				en,
				Base,
			);
			mainGroup = 4E807D8A19461D9000D875D1;
			productRefGroup = 4E807D9419461D9000D875D1 /* Products */;
			projectDirPath = "";
			projectRoot = "";
			targets = (
				00596DFA2699FC240069BD79 /* ErsatzKeyboard */,
				00663D9927E02650002C82BD /* ErsatzDemo */,
				00663DB127E0266B002C82BD /* English Keyboard */,
				00AE807B27E7DA0100B8F899 /* ErsatzKeyboardTests */,
			);
		};
/* End PBXProject section */

/* Begin PBXResourcesBuildPhase section */
		00596DF92699FC240069BD79 /* Resources */ = {
			isa = PBXResourcesBuildPhase;
			buildActionMask = 2147483647;
			files = (
				005BE27826B7460B00ECC849 /* Media.xcassets in Resources */,
				005BE27F26B7460B00ECC849 /* DefaultSettings.xib in Resources */,
			);
			runOnlyForDeploymentPostprocessing = 0;
		};
		00663D9827E02650002C82BD /* Resources */ = {
			isa = PBXResourcesBuildPhase;
			buildActionMask = 2147483647;
			files = (
				00663DA927E02650002C82BD /* LaunchScreen.storyboard in Resources */,
				00663DA627E02650002C82BD /* Assets.xcassets in Resources */,
				00663DA427E02650002C82BD /* Main.storyboard in Resources */,
			);
			runOnlyForDeploymentPostprocessing = 0;
		};
		00663DB027E0266B002C82BD /* Resources */ = {
			isa = PBXResourcesBuildPhase;
			buildActionMask = 2147483647;
			files = (
			);
			runOnlyForDeploymentPostprocessing = 0;
		};
		00AE807A27E7DA0100B8F899 /* Resources */ = {
			isa = PBXResourcesBuildPhase;
			buildActionMask = 2147483647;
			files = (
			);
			runOnlyForDeploymentPostprocessing = 0;
		};
/* End PBXResourcesBuildPhase section */

/* Begin PBXShellScriptBuildPhase section */
		6047C02DA9706B9DB2C6B089 /* [CP] Check Pods Manifest.lock */ = {
			isa = PBXShellScriptBuildPhase;
			buildActionMask = 2147483647;
			files = (
			);
			inputFileListPaths = (
			);
			inputPaths = (
				"${PODS_PODFILE_DIR_PATH}/Podfile.lock",
				"${PODS_ROOT}/Manifest.lock",
			);
			name = "[CP] Check Pods Manifest.lock";
			outputFileListPaths = (
			);
			outputPaths = (
				"$(DERIVED_FILE_DIR)/Pods-ErsatzKeyboardTests-checkManifestLockResult.txt",
			);
			runOnlyForDeploymentPostprocessing = 0;
			shellPath = /bin/sh;
			shellScript = "diff \"${PODS_PODFILE_DIR_PATH}/Podfile.lock\" \"${PODS_ROOT}/Manifest.lock\" > /dev/null\nif [ $? != 0 ] ; then\n    # print error to STDERR\n    echo \"error: The sandbox is not in sync with the Podfile.lock. Run 'pod install' or update your CocoaPods installation.\" >&2\n    exit 1\nfi\n# This output is used by Xcode 'outputs' to avoid re-running this script phase.\necho \"SUCCESS\" > \"${SCRIPT_OUTPUT_FILE_0}\"\n";
			showEnvVarsInLog = 0;
		};
/* End PBXShellScriptBuildPhase section */

/* Begin PBXSourcesBuildPhase section */
		00596DF72699FC240069BD79 /* Sources */ = {
			isa = PBXSourcesBuildPhase;
			buildActionMask = 2147483647;
			files = (
				005BE28226B7460B00ECC849 /* ForwardingView.swift in Sources */,
				005BE28626B7460B00ECC849 /* Shapes.swift in Sources */,
				005BE28026B7460B00ECC849 /* KeyboardConnector.swift in Sources */,
				005BE28426B7460B00ECC849 /* DefaultSettings.swift in Sources */,
				005BE28926B7460B00ECC849 /* KeyboardLayout.swift in Sources */,
				00CBE4BE2841C55F006AF6FE /* GlobeShape.swift in Sources */,
				005BE27A26B7460B00ECC849 /* KeyboardKey.swift in Sources */,
				005BE28326B7460B00ECC849 /* KeyboardKeyBackground.swift in Sources */,
				005BE27E26B7460B00ECC849 /* ErsatzKeyboardViewController.swift in Sources */,
				005BE28126B7460B00ECC849 /* ImageKey.swift in Sources */,
				00CBE4BA2841B632006AF6FE /* BackspaceShape.swift in Sources */,
				005BE27926B7460B00ECC849 /* ExtraView.swift in Sources */,
				00CBE4BC2841C277006AF6FE /* ShiftShape.swift in Sources */,
				005BE28726B7460B00ECC849 /* KeyboardModel.swift in Sources */,
				005BE27C26B7460B00ECC849 /* KeyboardInputTraits.swift in Sources */,
				005BE27D26B7460B00ECC849 /* Direction.swift in Sources */,
			);
			runOnlyForDeploymentPostprocessing = 0;
		};
		00663D9627E02650002C82BD /* Sources */ = {
			isa = PBXSourcesBuildPhase;
			buildActionMask = 2147483647;
			files = (
				00663DA127E02650002C82BD /* ViewController.swift in Sources */,
				00663D9D27E02650002C82BD /* AppDelegate.swift in Sources */,
			);
			runOnlyForDeploymentPostprocessing = 0;
		};
		00663DAE27E0266B002C82BD /* Sources */ = {
			isa = PBXSourcesBuildPhase;
			buildActionMask = 2147483647;
			files = (
				0066BB4027E692CB008B2BF0 /* EnglishKeyboard.swift in Sources */,
				00663DB527E0266B002C82BD /* EnglishKeyboardViewController.swift in Sources */,
			);
			runOnlyForDeploymentPostprocessing = 0;
		};
		00AE807827E7DA0100B8F899 /* Sources */ = {
			isa = PBXSourcesBuildPhase;
			buildActionMask = 2147483647;
			files = (
				00AE808E27E7E6FB00B8F899 /* TestView.swift in Sources */,
				00AE808C27E7E2D800B8F899 /* TestDevice.swift in Sources */,
				00AE807F27E7DA0100B8F899 /* ErsatzKeyboardTests.swift in Sources */,
				00AE808827E7DEA600B8F899 /* EnglishKeyboard.swift in Sources */,
			);
			runOnlyForDeploymentPostprocessing = 0;
		};
/* End PBXSourcesBuildPhase section */

/* Begin PBXTargetDependency section */
		00663DB827E0266B002C82BD /* PBXTargetDependency */ = {
			isa = PBXTargetDependency;
			target = 00663DB127E0266B002C82BD /* English Keyboard */;
			targetProxy = 00663DB727E0266B002C82BD /* PBXContainerItemProxy */;
		};
		00AE808327E7DA0100B8F899 /* PBXTargetDependency */ = {
			isa = PBXTargetDependency;
			target = 00596DFA2699FC240069BD79 /* ErsatzKeyboard */;
			targetProxy = 00AE808227E7DA0100B8F899 /* PBXContainerItemProxy */;
		};
/* End PBXTargetDependency section */

/* Begin PBXVariantGroup section */
		00663DA227E02650002C82BD /* Main.storyboard */ = {
			isa = PBXVariantGroup;
			children = (
				00663DA327E02650002C82BD /* Base */,
			);
			name = Main.storyboard;
			sourceTree = "<group>";
		};
		00663DA727E02650002C82BD /* LaunchScreen.storyboard */ = {
			isa = PBXVariantGroup;
			children = (
				00663DA827E02650002C82BD /* Base */,
			);
			name = LaunchScreen.storyboard;
			sourceTree = "<group>";
		};
/* End PBXVariantGroup section */

/* Begin XCBuildConfiguration section */
		00596E002699FC240069BD79 /* Debug */ = {
			isa = XCBuildConfiguration;
			buildSettings = {
				APPLICATION_EXTENSION_API_ONLY = YES;
				CLANG_ANALYZER_NONNULL = YES;
				CLANG_ANALYZER_NUMBER_OBJECT_CONVERSION = YES_AGGRESSIVE;
				CLANG_CXX_LANGUAGE_STANDARD = "gnu++14";
				CLANG_ENABLE_OBJC_WEAK = YES;
				CLANG_WARN_DOCUMENTATION_COMMENTS = YES;
				CLANG_WARN_QUOTED_INCLUDE_IN_FRAMEWORK_HEADER = YES;
				CLANG_WARN_UNGUARDED_AVAILABILITY = YES_AGGRESSIVE;
				CODE_SIGN_STYLE = Automatic;
				CURRENT_PROJECT_VERSION = 1;
				DEBUG_INFORMATION_FORMAT = dwarf;
				DEFINES_MODULE = YES;
				DEVELOPMENT_TEAM = WYZ8GHNKW7;
				DYLIB_COMPATIBILITY_VERSION = 1;
				DYLIB_CURRENT_VERSION = 1;
				DYLIB_INSTALL_NAME_BASE = "@rpath";
				GCC_C_LANGUAGE_STANDARD = gnu11;
				GCC_OPTIMIZATION_LEVEL = 0;
				INFOPLIST_FILE = ErsatzKeyboard/Assets/Info.plist;
				INSTALL_PATH = "$(LOCAL_LIBRARY_DIR)/Frameworks";
				IPHONEOS_DEPLOYMENT_TARGET = 9.0;
				LD_RUNPATH_SEARCH_PATHS = "$(inherited) @executable_path/Frameworks @loader_path/Frameworks";
				MARKETING_VERSION = 1.0.0;
				MTL_ENABLE_DEBUG_INFO = INCLUDE_SOURCE;
				MTL_FAST_MATH = YES;
				PRODUCT_BUNDLE_IDENTIFIER = com.inthescales.ErsatzKeyboard;
				PRODUCT_NAME = "$(TARGET_NAME:c99extidentifier)";
				SKIP_INSTALL = YES;
				SUPPORTS_MACCATALYST = NO;
				SWIFT_ACTIVE_COMPILATION_CONDITIONS = DEBUG;
				SWIFT_VERSION = 5.0;
				TARGETED_DEVICE_FAMILY = "1,2";
				VERSIONING_SYSTEM = "apple-generic";
				VERSION_INFO_PREFIX = "";
			};
			name = Debug;
		};
		00596E012699FC240069BD79 /* Release */ = {
			isa = XCBuildConfiguration;
			buildSettings = {
				APPLICATION_EXTENSION_API_ONLY = YES;
				CLANG_ANALYZER_NONNULL = YES;
				CLANG_ANALYZER_NUMBER_OBJECT_CONVERSION = YES_AGGRESSIVE;
				CLANG_CXX_LANGUAGE_STANDARD = "gnu++14";
				CLANG_ENABLE_OBJC_WEAK = YES;
				CLANG_WARN_DOCUMENTATION_COMMENTS = YES;
				CLANG_WARN_QUOTED_INCLUDE_IN_FRAMEWORK_HEADER = YES;
				CLANG_WARN_UNGUARDED_AVAILABILITY = YES_AGGRESSIVE;
				CODE_SIGN_STYLE = Automatic;
				COPY_PHASE_STRIP = NO;
				CURRENT_PROJECT_VERSION = 1;
				DEBUG_INFORMATION_FORMAT = "dwarf-with-dsym";
				DEFINES_MODULE = YES;
				DEVELOPMENT_TEAM = WYZ8GHNKW7;
				DYLIB_COMPATIBILITY_VERSION = 1;
				DYLIB_CURRENT_VERSION = 1;
				DYLIB_INSTALL_NAME_BASE = "@rpath";
				GCC_C_LANGUAGE_STANDARD = gnu11;
				INFOPLIST_FILE = ErsatzKeyboard/Assets/Info.plist;
				INSTALL_PATH = "$(LOCAL_LIBRARY_DIR)/Frameworks";
				IPHONEOS_DEPLOYMENT_TARGET = 9.0;
				LD_RUNPATH_SEARCH_PATHS = "$(inherited) @executable_path/Frameworks @loader_path/Frameworks";
				MARKETING_VERSION = 1.0.0;
				MTL_ENABLE_DEBUG_INFO = NO;
				MTL_FAST_MATH = YES;
				PRODUCT_BUNDLE_IDENTIFIER = com.inthescales.ErsatzKeyboard;
				PRODUCT_NAME = "$(TARGET_NAME:c99extidentifier)";
				SKIP_INSTALL = YES;
				SUPPORTS_MACCATALYST = NO;
				SWIFT_VERSION = 5.0;
				TARGETED_DEVICE_FAMILY = "1,2";
				VERSIONING_SYSTEM = "apple-generic";
				VERSION_INFO_PREFIX = "";
			};
			name = Release;
		};
		00663DAB27E02650002C82BD /* Debug */ = {
			isa = XCBuildConfiguration;
			buildSettings = {
				ALWAYS_EMBED_SWIFT_STANDARD_LIBRARIES = YES;
				ASSETCATALOG_COMPILER_APPICON_NAME = AppIcon;
				ASSETCATALOG_COMPILER_GLOBAL_ACCENT_COLOR_NAME = AccentColor;
				CLANG_ANALYZER_NONNULL = YES;
				CLANG_ANALYZER_NUMBER_OBJECT_CONVERSION = YES_AGGRESSIVE;
				CLANG_CXX_LANGUAGE_STANDARD = "gnu++14";
				CLANG_ENABLE_OBJC_WEAK = YES;
				CLANG_WARN_DOCUMENTATION_COMMENTS = YES;
				CLANG_WARN_QUOTED_INCLUDE_IN_FRAMEWORK_HEADER = YES;
				CLANG_WARN_UNGUARDED_AVAILABILITY = YES_AGGRESSIVE;
				CODE_SIGN_ENTITLEMENTS = ErsatzDemo/ErsatzDemo.entitlements;
				CODE_SIGN_STYLE = Automatic;
				DEBUG_INFORMATION_FORMAT = dwarf;
				DEVELOPMENT_TEAM = JZ3WYZWA8F;
				GCC_C_LANGUAGE_STANDARD = gnu11;
				GCC_OPTIMIZATION_LEVEL = 0;
				INFOPLIST_FILE = ErsatzDemo/Assets/Info.plist;
				IPHONEOS_DEPLOYMENT_TARGET = 9.0;
				LD_RUNPATH_SEARCH_PATHS = "$(inherited) @executable_path/Frameworks";
				MTL_ENABLE_DEBUG_INFO = INCLUDE_SOURCE;
				MTL_FAST_MATH = YES;
				PRODUCT_BUNDLE_IDENTIFIER = inthescales.ErsatzDemo;
				PRODUCT_NAME = "$(TARGET_NAME)";
				SWIFT_ACTIVE_COMPILATION_CONDITIONS = DEBUG;
				SWIFT_VERSION = 5.0;
				TARGETED_DEVICE_FAMILY = "1,2";
			};
			name = Debug;
		};
		00663DAC27E02650002C82BD /* Release */ = {
			isa = XCBuildConfiguration;
			buildSettings = {
				ALWAYS_EMBED_SWIFT_STANDARD_LIBRARIES = YES;
				ASSETCATALOG_COMPILER_APPICON_NAME = AppIcon;
				ASSETCATALOG_COMPILER_GLOBAL_ACCENT_COLOR_NAME = AccentColor;
				CLANG_ANALYZER_NONNULL = YES;
				CLANG_ANALYZER_NUMBER_OBJECT_CONVERSION = YES_AGGRESSIVE;
				CLANG_CXX_LANGUAGE_STANDARD = "gnu++14";
				CLANG_ENABLE_OBJC_WEAK = YES;
				CLANG_WARN_DOCUMENTATION_COMMENTS = YES;
				CLANG_WARN_QUOTED_INCLUDE_IN_FRAMEWORK_HEADER = YES;
				CLANG_WARN_UNGUARDED_AVAILABILITY = YES_AGGRESSIVE;
				CODE_SIGN_ENTITLEMENTS = ErsatzDemo/ErsatzDemo.entitlements;
				CODE_SIGN_STYLE = Automatic;
				COPY_PHASE_STRIP = NO;
				DEBUG_INFORMATION_FORMAT = "dwarf-with-dsym";
				DEVELOPMENT_TEAM = JZ3WYZWA8F;
				GCC_C_LANGUAGE_STANDARD = gnu11;
				INFOPLIST_FILE = ErsatzDemo/Assets/Info.plist;
				IPHONEOS_DEPLOYMENT_TARGET = 9.0;
				LD_RUNPATH_SEARCH_PATHS = "$(inherited) @executable_path/Frameworks";
				MTL_ENABLE_DEBUG_INFO = NO;
				MTL_FAST_MATH = YES;
				PRODUCT_BUNDLE_IDENTIFIER = inthescales.ErsatzDemo;
				PRODUCT_NAME = "$(TARGET_NAME)";
				SWIFT_VERSION = 5.0;
				TARGETED_DEVICE_FAMILY = "1,2";
			};
			name = Release;
		};
		00663DBB27E0266B002C82BD /* Debug */ = {
			isa = XCBuildConfiguration;
			buildSettings = {
				CLANG_ANALYZER_NONNULL = YES;
				CLANG_ANALYZER_NUMBER_OBJECT_CONVERSION = YES_AGGRESSIVE;
				CLANG_CXX_LANGUAGE_STANDARD = "gnu++14";
				CLANG_ENABLE_OBJC_WEAK = YES;
				CLANG_WARN_DOCUMENTATION_COMMENTS = YES;
				CLANG_WARN_QUOTED_INCLUDE_IN_FRAMEWORK_HEADER = YES;
				CLANG_WARN_UNGUARDED_AVAILABILITY = YES_AGGRESSIVE;
				CODE_SIGN_ENTITLEMENTS = "English Keyboard/English Keyboard.entitlements";
				CODE_SIGN_STYLE = Automatic;
				DEBUG_INFORMATION_FORMAT = dwarf;
				DEVELOPMENT_TEAM = JZ3WYZWA8F;
				GCC_C_LANGUAGE_STANDARD = gnu11;
				GCC_OPTIMIZATION_LEVEL = 0;
				INFOPLIST_FILE = "English Keyboard/Assets/Info.plist";
				IPHONEOS_DEPLOYMENT_TARGET = 9.0;
				LD_RUNPATH_SEARCH_PATHS = "$(inherited) @executable_path/Frameworks @executable_path/../../Frameworks";
				MTL_ENABLE_DEBUG_INFO = INCLUDE_SOURCE;
				MTL_FAST_MATH = YES;
				PRODUCT_BUNDLE_IDENTIFIER = inthescales.ErsatzDemo.EnglishKeyboard;
				PRODUCT_NAME = "$(TARGET_NAME)";
				SKIP_INSTALL = YES;
				SWIFT_ACTIVE_COMPILATION_CONDITIONS = DEBUG;
				SWIFT_VERSION = 5.0;
				TARGETED_DEVICE_FAMILY = "1,2";
			};
			name = Debug;
		};
		00663DBC27E0266B002C82BD /* Release */ = {
			isa = XCBuildConfiguration;
			buildSettings = {
				CLANG_ANALYZER_NONNULL = YES;
				CLANG_ANALYZER_NUMBER_OBJECT_CONVERSION = YES_AGGRESSIVE;
				CLANG_CXX_LANGUAGE_STANDARD = "gnu++14";
				CLANG_ENABLE_OBJC_WEAK = YES;
				CLANG_WARN_DOCUMENTATION_COMMENTS = YES;
				CLANG_WARN_QUOTED_INCLUDE_IN_FRAMEWORK_HEADER = YES;
				CLANG_WARN_UNGUARDED_AVAILABILITY = YES_AGGRESSIVE;
				CODE_SIGN_ENTITLEMENTS = "English Keyboard/English Keyboard.entitlements";
				CODE_SIGN_STYLE = Automatic;
				COPY_PHASE_STRIP = NO;
				DEBUG_INFORMATION_FORMAT = "dwarf-with-dsym";
				DEVELOPMENT_TEAM = JZ3WYZWA8F;
				GCC_C_LANGUAGE_STANDARD = gnu11;
				INFOPLIST_FILE = "English Keyboard/Assets/Info.plist";
				IPHONEOS_DEPLOYMENT_TARGET = 9.0;
				LD_RUNPATH_SEARCH_PATHS = "$(inherited) @executable_path/Frameworks @executable_path/../../Frameworks";
				MTL_ENABLE_DEBUG_INFO = NO;
				MTL_FAST_MATH = YES;
				PRODUCT_BUNDLE_IDENTIFIER = inthescales.ErsatzDemo.EnglishKeyboard;
				PRODUCT_NAME = "$(TARGET_NAME)";
				SKIP_INSTALL = YES;
				SWIFT_VERSION = 5.0;
				TARGETED_DEVICE_FAMILY = "1,2";
			};
			name = Release;
		};
		00AE808527E7DA0100B8F899 /* Debug */ = {
			isa = XCBuildConfiguration;
			baseConfigurationReference = 77AF7A108989A2698D29BD43 /* Pods-ErsatzKeyboardTests.debug.xcconfig */;
			buildSettings = {
				CLANG_ANALYZER_NONNULL = YES;
				CLANG_ANALYZER_NUMBER_OBJECT_CONVERSION = YES_AGGRESSIVE;
				CLANG_CXX_LANGUAGE_STANDARD = "gnu++14";
				CLANG_ENABLE_OBJC_WEAK = YES;
				CLANG_WARN_DOCUMENTATION_COMMENTS = YES;
				CLANG_WARN_QUOTED_INCLUDE_IN_FRAMEWORK_HEADER = "$(inherited)";
				CLANG_WARN_UNGUARDED_AVAILABILITY = YES_AGGRESSIVE;
				CODE_SIGN_STYLE = Automatic;
				DEBUG_INFORMATION_FORMAT = dwarf;
				DEVELOPMENT_TEAM = JZ3WYZWA8F;
				GCC_C_LANGUAGE_STANDARD = gnu11;
				GCC_OPTIMIZATION_LEVEL = 0;
				INFOPLIST_FILE = ErsatzKeyboardTests/Assets/Info.plist;
				IPHONEOS_DEPLOYMENT_TARGET = 14.5;
				LD_RUNPATH_SEARCH_PATHS = "$(inherited) @executable_path/Frameworks @loader_path/Frameworks";
				MTL_ENABLE_DEBUG_INFO = INCLUDE_SOURCE;
				MTL_FAST_MATH = YES;
				PRODUCT_BUNDLE_IDENTIFIER = inthescales.ErsatzKeyboardTests;
				PRODUCT_NAME = "$(TARGET_NAME)";
				SWIFT_ACTIVE_COMPILATION_CONDITIONS = DEBUG;
				SWIFT_VERSION = 5.0;
				TARGETED_DEVICE_FAMILY = "1,2";
			};
			name = Debug;
		};
		00AE808627E7DA0100B8F899 /* Release */ = {
			isa = XCBuildConfiguration;
			baseConfigurationReference = C5B33B160D021391BF91E175 /* Pods-ErsatzKeyboardTests.release.xcconfig */;
			buildSettings = {
				CLANG_ANALYZER_NONNULL = YES;
				CLANG_ANALYZER_NUMBER_OBJECT_CONVERSION = YES_AGGRESSIVE;
				CLANG_CXX_LANGUAGE_STANDARD = "gnu++14";
				CLANG_ENABLE_OBJC_WEAK = YES;
				CLANG_WARN_DOCUMENTATION_COMMENTS = YES;
				CLANG_WARN_QUOTED_INCLUDE_IN_FRAMEWORK_HEADER = "$(inherited)";
				CLANG_WARN_UNGUARDED_AVAILABILITY = YES_AGGRESSIVE;
				CODE_SIGN_STYLE = Automatic;
				COPY_PHASE_STRIP = NO;
				DEBUG_INFORMATION_FORMAT = "dwarf-with-dsym";
				DEVELOPMENT_TEAM = JZ3WYZWA8F;
				GCC_C_LANGUAGE_STANDARD = gnu11;
				INFOPLIST_FILE = ErsatzKeyboardTests/Assets/Info.plist;
				IPHONEOS_DEPLOYMENT_TARGET = 14.5;
				LD_RUNPATH_SEARCH_PATHS = "$(inherited) @executable_path/Frameworks @loader_path/Frameworks";
				MTL_ENABLE_DEBUG_INFO = NO;
				MTL_FAST_MATH = YES;
				PRODUCT_BUNDLE_IDENTIFIER = inthescales.ErsatzKeyboardTests;
				PRODUCT_NAME = "$(TARGET_NAME)";
				SWIFT_VERSION = 5.0;
				TARGETED_DEVICE_FAMILY = "1,2";
			};
			name = Release;
		};
		4E807DAD19461D9000D875D1 /* Debug */ = {
			isa = XCBuildConfiguration;
			buildSettings = {
				ALWAYS_SEARCH_USER_PATHS = NO;
				CLANG_ANALYZER_LOCALIZABILITY_NONLOCALIZED = YES;
				CLANG_CXX_LANGUAGE_STANDARD = "gnu++0x";
				CLANG_CXX_LIBRARY = "libc++";
				CLANG_ENABLE_MODULES = YES;
				CLANG_ENABLE_OBJC_ARC = YES;
				CLANG_WARN_BLOCK_CAPTURE_AUTORELEASING = YES;
				CLANG_WARN_BOOL_CONVERSION = YES;
				CLANG_WARN_COMMA = YES;
				CLANG_WARN_CONSTANT_CONVERSION = YES;
				CLANG_WARN_DEPRECATED_OBJC_IMPLEMENTATIONS = YES;
				CLANG_WARN_DIRECT_OBJC_ISA_USAGE = YES_ERROR;
				CLANG_WARN_EMPTY_BODY = YES;
				CLANG_WARN_ENUM_CONVERSION = YES;
				CLANG_WARN_INFINITE_RECURSION = YES;
				CLANG_WARN_INT_CONVERSION = YES;
				CLANG_WARN_NON_LITERAL_NULL_CONVERSION = YES;
				CLANG_WARN_OBJC_IMPLICIT_RETAIN_SELF = YES;
				CLANG_WARN_OBJC_LITERAL_CONVERSION = YES;
				CLANG_WARN_OBJC_ROOT_CLASS = YES_ERROR;
				CLANG_WARN_RANGE_LOOP_ANALYSIS = YES;
				CLANG_WARN_STRICT_PROTOTYPES = YES;
				CLANG_WARN_SUSPICIOUS_MOVE = YES;
				CLANG_WARN_UNREACHABLE_CODE = YES;
				CLANG_WARN__DUPLICATE_METHOD_MATCH = YES;
				"CODE_SIGN_IDENTITY[sdk=iphoneos*]" = "iPhone Developer";
				COPY_PHASE_STRIP = NO;
				ENABLE_STRICT_OBJC_MSGSEND = YES;
				ENABLE_TESTABILITY = YES;
				GCC_C_LANGUAGE_STANDARD = gnu99;
				GCC_DYNAMIC_NO_PIC = NO;
				GCC_NO_COMMON_BLOCKS = YES;
				GCC_PREPROCESSOR_DEFINITIONS = (
					"DEBUG=1",
					"$(inherited)",
				);
				GCC_SYMBOLS_PRIVATE_EXTERN = NO;
				GCC_WARN_64_TO_32_BIT_CONVERSION = YES;
				GCC_WARN_ABOUT_RETURN_TYPE = YES_ERROR;
				GCC_WARN_UNDECLARED_SELECTOR = YES;
				GCC_WARN_UNINITIALIZED_AUTOS = YES_AGGRESSIVE;
				GCC_WARN_UNUSED_FUNCTION = YES;
				GCC_WARN_UNUSED_VARIABLE = YES;
				IPHONEOS_DEPLOYMENT_TARGET = 8.0;
				METAL_ENABLE_DEBUG_INFO = YES;
				ONLY_ACTIVE_ARCH = YES;
				SDKROOT = iphoneos;
				SWIFT_OPTIMIZATION_LEVEL = "-Onone";
				TARGETED_DEVICE_FAMILY = 1;
			};
			name = Debug;
		};
		4E807DAE19461D9000D875D1 /* Release */ = {
			isa = XCBuildConfiguration;
			buildSettings = {
				ALWAYS_SEARCH_USER_PATHS = NO;
				CLANG_ANALYZER_LOCALIZABILITY_NONLOCALIZED = YES;
				CLANG_CXX_LANGUAGE_STANDARD = "gnu++0x";
				CLANG_CXX_LIBRARY = "libc++";
				CLANG_ENABLE_MODULES = YES;
				CLANG_ENABLE_OBJC_ARC = YES;
				CLANG_WARN_BLOCK_CAPTURE_AUTORELEASING = YES;
				CLANG_WARN_BOOL_CONVERSION = YES;
				CLANG_WARN_COMMA = YES;
				CLANG_WARN_CONSTANT_CONVERSION = YES;
				CLANG_WARN_DEPRECATED_OBJC_IMPLEMENTATIONS = YES;
				CLANG_WARN_DIRECT_OBJC_ISA_USAGE = YES_ERROR;
				CLANG_WARN_EMPTY_BODY = YES;
				CLANG_WARN_ENUM_CONVERSION = YES;
				CLANG_WARN_INFINITE_RECURSION = YES;
				CLANG_WARN_INT_CONVERSION = YES;
				CLANG_WARN_NON_LITERAL_NULL_CONVERSION = YES;
				CLANG_WARN_OBJC_IMPLICIT_RETAIN_SELF = YES;
				CLANG_WARN_OBJC_LITERAL_CONVERSION = YES;
				CLANG_WARN_OBJC_ROOT_CLASS = YES_ERROR;
				CLANG_WARN_RANGE_LOOP_ANALYSIS = YES;
				CLANG_WARN_STRICT_PROTOTYPES = YES;
				CLANG_WARN_SUSPICIOUS_MOVE = YES;
				CLANG_WARN_UNREACHABLE_CODE = YES;
				CLANG_WARN__DUPLICATE_METHOD_MATCH = YES;
				"CODE_SIGN_IDENTITY[sdk=iphoneos*]" = "iPhone Developer";
				COPY_PHASE_STRIP = YES;
				ENABLE_NS_ASSERTIONS = NO;
				ENABLE_STRICT_OBJC_MSGSEND = YES;
				GCC_C_LANGUAGE_STANDARD = gnu99;
				GCC_NO_COMMON_BLOCKS = YES;
				GCC_WARN_64_TO_32_BIT_CONVERSION = YES;
				GCC_WARN_ABOUT_RETURN_TYPE = YES_ERROR;
				GCC_WARN_UNDECLARED_SELECTOR = YES;
				GCC_WARN_UNINITIALIZED_AUTOS = YES_AGGRESSIVE;
				GCC_WARN_UNUSED_FUNCTION = YES;
				GCC_WARN_UNUSED_VARIABLE = YES;
				IPHONEOS_DEPLOYMENT_TARGET = 8.0;
				METAL_ENABLE_DEBUG_INFO = NO;
				SDKROOT = iphoneos;
				SWIFT_OPTIMIZATION_LEVEL = "-Owholemodule";
				TARGETED_DEVICE_FAMILY = 1;
				VALIDATE_PRODUCT = YES;
			};
			name = Release;
		};
/* End XCBuildConfiguration section */

/* Begin XCConfigurationList section */
		00596E022699FC240069BD79 /* Build configuration list for PBXNativeTarget "ErsatzKeyboard" */ = {
			isa = XCConfigurationList;
			buildConfigurations = (
				00596E002699FC240069BD79 /* Debug */,
				00596E012699FC240069BD79 /* Release */,
			);
			defaultConfigurationIsVisible = 0;
			defaultConfigurationName = Release;
		};
		00663DAD27E02650002C82BD /* Build configuration list for PBXNativeTarget "ErsatzDemo" */ = {
			isa = XCConfigurationList;
			buildConfigurations = (
				00663DAB27E02650002C82BD /* Debug */,
				00663DAC27E02650002C82BD /* Release */,
			);
			defaultConfigurationIsVisible = 0;
			defaultConfigurationName = Release;
		};
		00663DBA27E0266B002C82BD /* Build configuration list for PBXNativeTarget "English Keyboard" */ = {
			isa = XCConfigurationList;
			buildConfigurations = (
				00663DBB27E0266B002C82BD /* Debug */,
				00663DBC27E0266B002C82BD /* Release */,
			);
			defaultConfigurationIsVisible = 0;
			defaultConfigurationName = Release;
		};
		00AE808427E7DA0100B8F899 /* Build configuration list for PBXNativeTarget "ErsatzKeyboardTests" */ = {
			isa = XCConfigurationList;
			buildConfigurations = (
				00AE808527E7DA0100B8F899 /* Debug */,
				00AE808627E7DA0100B8F899 /* Release */,
			);
			defaultConfigurationIsVisible = 0;
			defaultConfigurationName = Release;
		};
		4E807D8E19461D9000D875D1 /* Build configuration list for PBXProject "ErsatzKeyboard" */ = {
			isa = XCConfigurationList;
			buildConfigurations = (
				4E807DAD19461D9000D875D1 /* Debug */,
				4E807DAE19461D9000D875D1 /* Release */,
			);
			defaultConfigurationIsVisible = 0;
			defaultConfigurationName = Release;
		};
/* End XCConfigurationList section */
	};
	rootObject = 4E807D8B19461D9000D875D1 /* Project object */;
}
